
Microsoft Visual Studio Solution File, Format Version 12.00
# Visual Studio 14
VisualStudioVersion = 14.0.25420.1
MinimumVisualStudioVersion = 10.0.40219.1
Project("{FAE04EC0-301F-11D3-BF4B-00C04F79EFBC}") = "PokemonGoHashSharp", "PokemonGoHashSharp\PokemonGoHashSharp.csproj", "{902B446C-0FED-4D82-A467-D9D8D454C110}"
EndProject
Project("{FAE04EC0-301F-11D3-BF4B-00C04F79EFBC}") = "NativeBindingTest", "NativeBindingTest\NativeBindingTest.csproj", "{1167B66B-35D5-40C6-9E2A-E2AD7A801775}"
EndProject
Project("{8BB2217D-0F2D-49D1-97BC-3654ED321F3B}") = "Example", "Example\Example.xproj", "{4CBDE212-19FE-4B51-ADE8-071691022330}"
EndProject
Project("{FAE04EC0-301F-11D3-BF4B-00C04F79EFBC}") = "PokemonGoHashNative", "PokemonGoHashNative\PokemonGoHashNative.csproj", "{F8D457F0-78DF-42BD-BC9A-833A6BB712A5}"
EndProject
Global
	GlobalSection(SolutionConfigurationPlatforms) = preSolution
		Debug|Any CPU = Debug|Any CPU
		Release|Any CPU = Release|Any CPU
	EndGlobalSection
	GlobalSection(ProjectConfigurationPlatforms) = postSolution
		{902B446C-0FED-4D82-A467-D9D8D454C110}.Debug|Any CPU.ActiveCfg = Debug|Any CPU
		{902B446C-0FED-4D82-A467-D9D8D454C110}.Debug|Any CPU.Build.0 = Debug|Any CPU
		{902B446C-0FED-4D82-A467-D9D8D454C110}.Release|Any CPU.ActiveCfg = Release|Any CPU
		{902B446C-0FED-4D82-A467-D9D8D454C110}.Release|Any CPU.Build.0 = Release|Any CPU
		{1167B66B-35D5-40C6-9E2A-E2AD7A801775}.Debug|Any CPU.ActiveCfg = Debug|Any CPU
		{1167B66B-35D5-40C6-9E2A-E2AD7A801775}.Debug|Any CPU.Build.0 = Debug|Any CPU
		{1167B66B-35D5-40C6-9E2A-E2AD7A801775}.Release|Any CPU.ActiveCfg = Release|Any CPU
		{1167B66B-35D5-40C6-9E2A-E2AD7A801775}.Release|Any CPU.Build.0 = Release|Any CPU
		{4CBDE212-19FE-4B51-ADE8-071691022330}.Debug|Any CPU.ActiveCfg = Debug|Any CPU
		{4CBDE212-19FE-4B51-ADE8-071691022330}.Debug|Any CPU.Build.0 = Debug|Any CPU
		{4CBDE212-19FE-4B51-ADE8-071691022330}.Release|Any CPU.ActiveCfg = Release|Any CPU
		{4CBDE212-19FE-4B51-ADE8-071691022330}.Release|Any CPU.Build.0 = Release|Any CPU
		{F8D457F0-78DF-42BD-BC9A-833A6BB712A5}.Debug|Any CPU.ActiveCfg = Debug|Any CPU
		{F8D457F0-78DF-42BD-BC9A-833A6BB712A5}.Debug|Any CPU.Build.0 = Debug|Any CPU
		{F8D457F0-78DF-42BD-BC9A-833A6BB712A5}.Release|Any CPU.ActiveCfg = Release|Any CPU
		{F8D457F0-78DF-42BD-BC9A-833A6BB712A5}.Release|Any CPU.Build.0 = Release|Any CPU
	EndGlobalSection
	GlobalSection(SolutionProperties) = preSolution
		HideSolutionNode = FALSE
	EndGlobalSection
EndGlobal
